
Microsoft Visual Studio Solution File, Format Version 12.00
# Visual Studio Version 16
VisualStudioVersion = 16.0.32106.194
MinimumVisualStudioVersion = 10.0.40219.1
Project("{159641D6-6404-4A2A-AE62-294DE0FE8301}") = "Demo", "Demo.dtproj", "{BC83A66F-EB31-49DB-B815-F7C1A17428F3}"
EndProject
Global
	GlobalSection(SolutionConfigurationPlatforms) = preSolution
		Development|Default = Development|Default
	EndGlobalSection
	GlobalSection(ProjectConfigurationPlatforms) = postSolution
		{BC83A66F-EB31-49DB-B815-F7C1A17428F3}.Development|Default.ActiveCfg = Development
		{BC83A66F-EB31-49DB-B815-F7C1A17428F3}.Development|Default.Build.0 = Development
	EndGlobalSection
	GlobalSection(SolutionProperties) = preSolution
		HideSolutionNode = FALSE
	EndGlobalSection
	GlobalSection(ExtensibilityGlobals) = postSolution
		SolutionGuid = {983CD7F8-F13C-4B23-9CF2-195200D3BB4D}
	EndGlobalSection
EndGlobal
